// !$*UTF8*$!
{
	archiveVersion = 1;
	classes = {
	};
	objectVersion = 48;
	objects = {

/* Begin PBXBuildFile section */
		9F926D4120410B3F0018A11D /* Assets.xcassets in Resources */ = {isa = PBXBuildFile; fileRef = 9F926D4020410B3F0018A11D /* Assets.xcassets */; };
		9FBFD2E2203A456000357DF3 /* AppDelegate.swift in Sources */ = {isa = PBXBuildFile; fileRef = 9FBFD2E1203A456000357DF3 /* AppDelegate.swift */; };
		9FBFD2E4203A456000357DF3 /* FirstViewController.swift in Sources */ = {isa = PBXBuildFile; fileRef = 9FBFD2E3203A456000357DF3 /* FirstViewController.swift */; };
		9FBFD2E6203A456000357DF3 /* SecondViewController.swift in Sources */ = {isa = PBXBuildFile; fileRef = 9FBFD2E5203A456000357DF3 /* SecondViewController.swift */; };
		9FBFD2E9203A456000357DF3 /* Main.storyboard in Resources */ = {isa = PBXBuildFile; fileRef = 9FBFD2E7203A456000357DF3 /* Main.storyboard */; };
		9FBFD2EE203A456100357DF3 /* LaunchScreen.storyboard in Resources */ = {isa = PBXBuildFile; fileRef = 9FBFD2EC203A456100357DF3 /* LaunchScreen.storyboard */; };
		9FBFD2F9203A456100357DF3 /* CSH_Social_IIITests.swift in Sources */ = {isa = PBXBuildFile; fileRef = 9FBFD2F8203A456100357DF3 /* CSH_Social_IIITests.swift */; };
		9FBFD304203A456100357DF3 /* CSH_Social_IIIUITests.swift in Sources */ = {isa = PBXBuildFile; fileRef = 9FBFD303203A456100357DF3 /* CSH_Social_IIIUITests.swift */; };
/* End PBXBuildFile section */

/* Begin PBXContainerItemProxy section */
		9FBFD2F5203A456100357DF3 /* PBXContainerItemProxy */ = {
			isa = PBXContainerItemProxy;
			containerPortal = 9FBFD2D6203A456000357DF3 /* Project object */;
			proxyType = 1;
			remoteGlobalIDString = 9FBFD2DD203A456000357DF3;
			remoteInfo = "CSH Social III";
		};
		9FBFD300203A456100357DF3 /* PBXContainerItemProxy */ = {
			isa = PBXContainerItemProxy;
			containerPortal = 9FBFD2D6203A456000357DF3 /* Project object */;
			proxyType = 1;
			remoteGlobalIDString = 9FBFD2DD203A456000357DF3;
			remoteInfo = "CSH Social III";
		};
/* End PBXContainerItemProxy section */

/* Begin PBXFileReference section */
		9F926D4020410B3F0018A11D /* Assets.xcassets */ = {isa = PBXFileReference; lastKnownFileType = folder.assetcatalog; path = Assets.xcassets; sourceTree = "<group>"; };
		9FBFD2DE203A456000357DF3 /* CSH Social III.app */ = {isa = PBXFileReference; explicitFileType = wrapper.application; includeInIndex = 0; path = "CSH Social III.app"; sourceTree = BUILT_PRODUCTS_DIR; };
		9FBFD2E1203A456000357DF3 /* AppDelegate.swift */ = {isa = PBXFileReference; lastKnownFileType = sourcecode.swift; path = AppDelegate.swift; sourceTree = "<group>"; };
		9FBFD2E3203A456000357DF3 /* FirstViewController.swift */ = {isa = PBXFileReference; lastKnownFileType = sourcecode.swift; path = FirstViewController.swift; sourceTree = "<group>"; };
		9FBFD2E5203A456000357DF3 /* SecondViewController.swift */ = {isa = PBXFileReference; lastKnownFileType = sourcecode.swift; path = SecondViewController.swift; sourceTree = "<group>"; };
		9FBFD2E8203A456000357DF3 /* Base */ = {isa = PBXFileReference; lastKnownFileType = file.storyboard; name = Base; path = Base.lproj/Main.storyboard; sourceTree = "<group>"; };
		9FBFD2ED203A456100357DF3 /* Base */ = {isa = PBXFileReference; lastKnownFileType = file.storyboard; name = Base; path = Base.lproj/LaunchScreen.storyboard; sourceTree = "<group>"; };
		9FBFD2EF203A456100357DF3 /* Info.plist */ = {isa = PBXFileReference; lastKnownFileType = text.plist.xml; path = Info.plist; sourceTree = "<group>"; };
		9FBFD2F4203A456100357DF3 /* CSH Social IIITests.xctest */ = {isa = PBXFileReference; explicitFileType = wrapper.cfbundle; includeInIndex = 0; path = "CSH Social IIITests.xctest"; sourceTree = BUILT_PRODUCTS_DIR; };
		9FBFD2F8203A456100357DF3 /* CSH_Social_IIITests.swift */ = {isa = PBXFileReference; lastKnownFileType = sourcecode.swift; path = CSH_Social_IIITests.swift; sourceTree = "<group>"; };
		9FBFD2FA203A456100357DF3 /* Info.plist */ = {isa = PBXFileReference; lastKnownFileType = text.plist.xml; path = Info.plist; sourceTree = "<group>"; };
		9FBFD2FF203A456100357DF3 /* CSH Social IIIUITests.xctest */ = {isa = PBXFileReference; explicitFileType = wrapper.cfbundle; includeInIndex = 0; path = "CSH Social IIIUITests.xctest"; sourceTree = BUILT_PRODUCTS_DIR; };
		9FBFD303203A456100357DF3 /* CSH_Social_IIIUITests.swift */ = {isa = PBXFileReference; lastKnownFileType = sourcecode.swift; path = CSH_Social_IIIUITests.swift; sourceTree = "<group>"; };
		9FBFD305203A456100357DF3 /* Info.plist */ = {isa = PBXFileReference; lastKnownFileType = text.plist.xml; path = Info.plist; sourceTree = "<group>"; };
/* End PBXFileReference section */

/* Begin PBXFrameworksBuildPhase section */
		9FBFD2DB203A456000357DF3 /* Frameworks */ = {
			isa = PBXFrameworksBuildPhase;
			buildActionMask = 2147483647;
			files = (
			);
			runOnlyForDeploymentPostprocessing = 0;
		};
		9FBFD2F1203A456100357DF3 /* Frameworks */ = {
			isa = PBXFrameworksBuildPhase;
			buildActionMask = 2147483647;
			files = (
			);
			runOnlyForDeploymentPostprocessing = 0;
		};
		9FBFD2FC203A456100357DF3 /* Frameworks */ = {
			isa = PBXFrameworksBuildPhase;
			buildActionMask = 2147483647;
			files = (
			);
			runOnlyForDeploymentPostprocessing = 0;
		};
/* End PBXFrameworksBuildPhase section */

/* Begin PBXGroup section */
		9FBFD2D5203A456000357DF3 = {
			isa = PBXGroup;
			children = (
				9FBFD2E0203A456000357DF3 /* CSH Social III */,
				9FBFD2F7203A456100357DF3 /* CSH Social IIITests */,
				9FBFD302203A456100357DF3 /* CSH Social IIIUITests */,
				9FBFD2DF203A456000357DF3 /* Products */,
			);
			sourceTree = "<group>";
		};
		9FBFD2DF203A456000357DF3 /* Products */ = {
			isa = PBXGroup;
			children = (
				9FBFD2DE203A456000357DF3 /* CSH Social III.app */,
				9FBFD2F4203A456100357DF3 /* CSH Social IIITests.xctest */,
				9FBFD2FF203A456100357DF3 /* CSH Social IIIUITests.xctest */,
			);
			name = Products;
			sourceTree = "<group>";
		};
		9FBFD2E0203A456000357DF3 /* CSH Social III */ = {
			isa = PBXGroup;
			children = (
				9FBFD2E1203A456000357DF3 /* AppDelegate.swift */,
				9FBFD2E3203A456000357DF3 /* FirstViewController.swift */,
				9FBFD2E5203A456000357DF3 /* SecondViewController.swift */,
				9FBFD2E7203A456000357DF3 /* Main.storyboard */,
				9F926D4020410B3F0018A11D /* Assets.xcassets */,
				9FBFD2EC203A456100357DF3 /* LaunchScreen.storyboard */,
				9FBFD2EF203A456100357DF3 /* Info.plist */,
			);
			path = "CSH Social III";
			sourceTree = "<group>";
		};
		9FBFD2F7203A456100357DF3 /* CSH Social IIITests */ = {
			isa = PBXGroup;
			children = (
				9FBFD2F8203A456100357DF3 /* CSH_Social_IIITests.swift */,
				9FBFD2FA203A456100357DF3 /* Info.plist */,
			);
			path = "CSH Social IIITests";
			sourceTree = "<group>";
		};
		9FBFD302203A456100357DF3 /* CSH Social IIIUITests */ = {
			isa = PBXGroup;
			children = (
				9FBFD303203A456100357DF3 /* CSH_Social_IIIUITests.swift */,
				9FBFD305203A456100357DF3 /* Info.plist */,
			);
			path = "CSH Social IIIUITests";
			sourceTree = "<group>";
		};
/* End PBXGroup section */

/* Begin PBXNativeTarget section */
		9FBFD2DD203A456000357DF3 /* CSH Social III */ = {
			isa = PBXNativeTarget;
			buildConfigurationList = 9FBFD308203A456100357DF3 /* Build configuration list for PBXNativeTarget "CSH Social III" */;
			buildPhases = (
				9FBFD2DA203A456000357DF3 /* Sources */,
				9FBFD2DB203A456000357DF3 /* Frameworks */,
				9FBFD2DC203A456000357DF3 /* Resources */,
			);
			buildRules = (
			);
			dependencies = (
			);
			name = "CSH Social III";
			productName = "CSH Social III";
			productReference = 9FBFD2DE203A456000357DF3 /* CSH Social III.app */;
			productType = "com.apple.product-type.application";
		};
		9FBFD2F3203A456100357DF3 /* CSH Social IIITests */ = {
			isa = PBXNativeTarget;
			buildConfigurationList = 9FBFD30B203A456100357DF3 /* Build configuration list for PBXNativeTarget "CSH Social IIITests" */;
			buildPhases = (
				9FBFD2F0203A456100357DF3 /* Sources */,
				9FBFD2F1203A456100357DF3 /* Frameworks */,
				9FBFD2F2203A456100357DF3 /* Resources */,
			);
			buildRules = (
			);
			dependencies = (
				9FBFD2F6203A456100357DF3 /* PBXTargetDependency */,
			);
			name = "CSH Social IIITests";
			productName = "CSH Social IIITests";
			productReference = 9FBFD2F4203A456100357DF3 /* CSH Social IIITests.xctest */;
			productType = "com.apple.product-type.bundle.unit-test";
		};
		9FBFD2FE203A456100357DF3 /* CSH Social IIIUITests */ = {
			isa = PBXNativeTarget;
			buildConfigurationList = 9FBFD30E203A456100357DF3 /* Build configuration list for PBXNativeTarget "CSH Social IIIUITests" */;
			buildPhases = (
				9FBFD2FB203A456100357DF3 /* Sources */,
				9FBFD2FC203A456100357DF3 /* Frameworks */,
				9FBFD2FD203A456100357DF3 /* Resources */,
			);
			buildRules = (
			);
			dependencies = (
				9FBFD301203A456100357DF3 /* PBXTargetDependency */,
			);
			name = "CSH Social IIIUITests";
			productName = "CSH Social IIIUITests";
			productReference = 9FBFD2FF203A456100357DF3 /* CSH Social IIIUITests.xctest */;
			productType = "com.apple.product-type.bundle.ui-testing";
		};
/* End PBXNativeTarget section */

/* Begin PBXProject section */
		9FBFD2D6203A456000357DF3 /* Project object */ = {
			isa = PBXProject;
			attributes = {
				LastSwiftUpdateCheck = 0920;
				LastUpgradeCheck = 0920;
				ORGANIZATIONNAME = "Computer Science House";
				TargetAttributes = {
					9FBFD2DD203A456000357DF3 = {
						CreatedOnToolsVersion = 9.2;
						ProvisioningStyle = Automatic;
					};
					9FBFD2F3203A456100357DF3 = {
						CreatedOnToolsVersion = 9.2;
						ProvisioningStyle = Automatic;
						TestTargetID = 9FBFD2DD203A456000357DF3;
					};
					9FBFD2FE203A456100357DF3 = {
						CreatedOnToolsVersion = 9.2;
						ProvisioningStyle = Automatic;
						TestTargetID = 9FBFD2DD203A456000357DF3;
					};
				};
			};
			buildConfigurationList = 9FBFD2D9203A456000357DF3 /* Build configuration list for PBXProject "CSH Social III" */;
			compatibilityVersion = "Xcode 8.0";
			developmentRegion = en;
			hasScannedForEncodings = 0;
			knownRegions = (
				en,
				Base,
			);
			mainGroup = 9FBFD2D5203A456000357DF3;
			productRefGroup = 9FBFD2DF203A456000357DF3 /* Products */;
			projectDirPath = "";
			projectRoot = "";
			targets = (
				9FBFD2DD203A456000357DF3 /* CSH Social III */,
				9FBFD2F3203A456100357DF3 /* CSH Social IIITests */,
				9FBFD2FE203A456100357DF3 /* CSH Social IIIUITests */,
			);
		};
/* End PBXProject section */

/* Begin PBXResourcesBuildPhase section */
		9FBFD2DC203A456000357DF3 /* Resources */ = {
			isa = PBXResourcesBuildPhase;
			buildActionMask = 2147483647;
			files = (
				9FBFD2EE203A456100357DF3 /* LaunchScreen.storyboard in Resources */,
				9F926D4120410B3F0018A11D /* Assets.xcassets in Resources */,
				9FBFD2E9203A456000357DF3 /* Main.storyboard in Resources */,
			);
			runOnlyForDeploymentPostprocessing = 0;
		};
		9FBFD2F2203A456100357DF3 /* Resources */ = {
			isa = PBXResourcesBuildPhase;
			buildActionMask = 2147483647;
			files = (
			);
			runOnlyForDeploymentPostprocessing = 0;
		};
		9FBFD2FD203A456100357DF3 /* Resources */ = {
			isa = PBXResourcesBuildPhase;
			buildActionMask = 2147483647;
			files = (
			);
			runOnlyForDeploymentPostprocessing = 0;
		};
/* End PBXResourcesBuildPhase section */

/* Begin PBXSourcesBuildPhase section */
		9FBFD2DA203A456000357DF3 /* Sources */ = {
			isa = PBXSourcesBuildPhase;
			buildActionMask = 2147483647;
			files = (
				9FBFD2E6203A456000357DF3 /* SecondViewController.swift in Sources */,
				9FBFD2E2203A456000357DF3 /* AppDelegate.swift in Sources */,
				9FBFD2E4203A456000357DF3 /* FirstViewController.swift in Sources */,
			);
			runOnlyForDeploymentPostprocessing = 0;
		};
		9FBFD2F0203A456100357DF3 /* Sources */ = {
			isa = PBXSourcesBuildPhase;
			buildActionMask = 2147483647;
			files = (
				9FBFD2F9203A456100357DF3 /* CSH_Social_IIITests.swift in Sources */,
			);
			runOnlyForDeploymentPostprocessing = 0;
		};
		9FBFD2FB203A456100357DF3 /* Sources */ = {
			isa = PBXSourcesBuildPhase;
			buildActionMask = 2147483647;
			files = (
				9FBFD304203A456100357DF3 /* CSH_Social_IIIUITests.swift in Sources */,
			);
			runOnlyForDeploymentPostprocessing = 0;
		};
/* End PBXSourcesBuildPhase section */

/* Begin PBXTargetDependency section */
		9FBFD2F6203A456100357DF3 /* PBXTargetDependency */ = {
			isa = PBXTargetDependency;
			target = 9FBFD2DD203A456000357DF3 /* CSH Social III */;
			targetProxy = 9FBFD2F5203A456100357DF3 /* PBXContainerItemProxy */;
		};
		9FBFD301203A456100357DF3 /* PBXTargetDependency */ = {
			isa = PBXTargetDependency;
			target = 9FBFD2DD203A456000357DF3 /* CSH Social III */;
			targetProxy = 9FBFD300203A456100357DF3 /* PBXContainerItemProxy */;
		};
/* End PBXTargetDependency section */

/* Begin PBXVariantGroup section */
		9FBFD2E7203A456000357DF3 /* Main.storyboard */ = {
			isa = PBXVariantGroup;
			children = (
				9FBFD2E8203A456000357DF3 /* Base */,
			);
			name = Main.storyboard;
			sourceTree = "<group>";
		};
		9FBFD2EC203A456100357DF3 /* LaunchScreen.storyboard */ = {
			isa = PBXVariantGroup;
			children = (
				9FBFD2ED203A456100357DF3 /* Base */,
			);
			name = LaunchScreen.storyboard;
			sourceTree = "<group>";
		};
/* End PBXVariantGroup section */

/* Begin XCBuildConfiguration section */
		9FBFD306203A456100357DF3 /* Debug */ = {
			isa = XCBuildConfiguration;
			buildSettings = {
				ALWAYS_SEARCH_USER_PATHS = NO;
				CLANG_ANALYZER_NONNULL = YES;
				CLANG_ANALYZER_NUMBER_OBJECT_CONVERSION = YES_AGGRESSIVE;
				CLANG_CXX_LANGUAGE_STANDARD = "gnu++14";
				CLANG_CXX_LIBRARY = "libc++";
				CLANG_ENABLE_MODULES = YES;
				CLANG_ENABLE_OBJC_ARC = YES;
				CLANG_WARN_BLOCK_CAPTURE_AUTORELEASING = YES;
				CLANG_WARN_BOOL_CONVERSION = YES;
				CLANG_WARN_COMMA = YES;
				CLANG_WARN_CONSTANT_CONVERSION = YES;
				CLANG_WARN_DIRECT_OBJC_ISA_USAGE = YES_ERROR;
				CLANG_WARN_DOCUMENTATION_COMMENTS = YES;
				CLANG_WARN_EMPTY_BODY = YES;
				CLANG_WARN_ENUM_CONVERSION = YES;
				CLANG_WARN_INFINITE_RECURSION = YES;
				CLANG_WARN_INT_CONVERSION = YES;
				CLANG_WARN_NON_LITERAL_NULL_CONVERSION = YES;
				CLANG_WARN_OBJC_LITERAL_CONVERSION = YES;
				CLANG_WARN_OBJC_ROOT_CLASS = YES_ERROR;
				CLANG_WARN_RANGE_LOOP_ANALYSIS = YES;
				CLANG_WARN_STRICT_PROTOTYPES = YES;
				CLANG_WARN_SUSPICIOUS_MOVE = YES;
				CLANG_WARN_UNGUARDED_AVAILABILITY = YES_AGGRESSIVE;
				CLANG_WARN_UNREACHABLE_CODE = YES;
				CLANG_WARN__DUPLICATE_METHOD_MATCH = YES;
				CODE_SIGN_IDENTITY = "iPhone Developer";
				COPY_PHASE_STRIP = NO;
				DEBUG_INFORMATION_FORMAT = dwarf;
				ENABLE_STRICT_OBJC_MSGSEND = YES;
				ENABLE_TESTABILITY = YES;
				GCC_C_LANGUAGE_STANDARD = gnu11;
				GCC_DYNAMIC_NO_PIC = NO;
				GCC_NO_COMMON_BLOCKS = YES;
				GCC_OPTIMIZATION_LEVEL = 0;
				GCC_PREPROCESSOR_DEFINITIONS = (
					"DEBUG=1",
					"$(inherited)",
				);
				GCC_WARN_64_TO_32_BIT_CONVERSION = YES;
				GCC_WARN_ABOUT_RETURN_TYPE = YES_ERROR;
				GCC_WARN_UNDECLARED_SELECTOR = YES;
				GCC_WARN_UNINITIALIZED_AUTOS = YES_AGGRESSIVE;
				GCC_WARN_UNUSED_FUNCTION = YES;
				GCC_WARN_UNUSED_VARIABLE = YES;
				IPHONEOS_DEPLOYMENT_TARGET = 11.2;
				MTL_ENABLE_DEBUG_INFO = YES;
				ONLY_ACTIVE_ARCH = YES;
				SDKROOT = iphoneos;
				SWIFT_ACTIVE_COMPILATION_CONDITIONS = DEBUG;
				SWIFT_OPTIMIZATION_LEVEL = "-Onone";
			};
			name = Debug;
		};
		9FBFD307203A456100357DF3 /* Release */ = {
			isa = XCBuildConfiguration;
			buildSettings = {
				ALWAYS_SEARCH_USER_PATHS = NO;
				CLANG_ANALYZER_NONNULL = YES;
				CLANG_ANALYZER_NUMBER_OBJECT_CONVERSION = YES_AGGRESSIVE;
				CLANG_CXX_LANGUAGE_STANDARD = "gnu++14";
				CLANG_CXX_LIBRARY = "libc++";
				CLANG_ENABLE_MODULES = YES;
				CLANG_ENABLE_OBJC_ARC = YES;
				CLANG_WARN_BLOCK_CAPTURE_AUTORELEASING = YES;
				CLANG_WARN_BOOL_CONVERSION = YES;
				CLANG_WARN_COMMA = YES;
				CLANG_WARN_CONSTANT_CONVERSION = YES;
				CLANG_WARN_DIRECT_OBJC_ISA_USAGE = YES_ERROR;
				CLANG_WARN_DOCUMENTATION_COMMENTS = YES;
				CLANG_WARN_EMPTY_BODY = YES;
				CLANG_WARN_ENUM_CONVERSION = YES;
				CLANG_WARN_INFINITE_RECURSION = YES;
				CLANG_WARN_INT_CONVERSION = YES;
				CLANG_WARN_NON_LITERAL_NULL_CONVERSION = YES;
				CLANG_WARN_OBJC_LITERAL_CONVERSION = YES;
				CLANG_WARN_OBJC_ROOT_CLASS = YES_ERROR;
				CLANG_WARN_RANGE_LOOP_ANALYSIS = YES;
				CLANG_WARN_STRICT_PROTOTYPES = YES;
				CLANG_WARN_SUSPICIOUS_MOVE = YES;
				CLANG_WARN_UNGUARDED_AVAILABILITY = YES_AGGRESSIVE;
				CLANG_WARN_UNREACHABLE_CODE = YES;
				CLANG_WARN__DUPLICATE_METHOD_MATCH = YES;
				CODE_SIGN_IDENTITY = "iPhone Developer";
				COPY_PHASE_STRIP = NO;
				DEBUG_INFORMATION_FORMAT = "dwarf-with-dsym";
				ENABLE_NS_ASSERTIONS = NO;
				ENABLE_STRICT_OBJC_MSGSEND = YES;
				GCC_C_LANGUAGE_STANDARD = gnu11;
				GCC_NO_COMMON_BLOCKS = YES;
				GCC_WARN_64_TO_32_BIT_CONVERSION = YES;
				GCC_WARN_ABOUT_RETURN_TYPE = YES_ERROR;
				GCC_WARN_UNDECLARED_SELECTOR = YES;
				GCC_WARN_UNINITIALIZED_AUTOS = YES_AGGRESSIVE;
				GCC_WARN_UNUSED_FUNCTION = YES;
				GCC_WARN_UNUSED_VARIABLE = YES;
				IPHONEOS_DEPLOYMENT_TARGET = 11.2;
				MTL_ENABLE_DEBUG_INFO = NO;
				SDKROOT = iphoneos;
				SWIFT_OPTIMIZATION_LEVEL = "-Owholemodule";
				VALIDATE_PRODUCT = YES;
			};
			name = Release;
		};
		9FBFD309203A456100357DF3 /* Debug */ = {
			isa = XCBuildConfiguration;
			buildSettings = {
				ASSETCATALOG_COMPILER_APPICON_NAME = AppIcon;
				CODE_SIGN_STYLE = Automatic;
				INFOPLIST_FILE = "CSH Social III/Info.plist";
				LD_RUNPATH_SEARCH_PATHS = "$(inherited) @executable_path/Frameworks";
				PRODUCT_BUNDLE_IDENTIFIER = "Computer-Science-House.CSH-Social-III";
				PRODUCT_NAME = "$(TARGET_NAME)";
				SWIFT_VERSION = 4.0;
				TARGETED_DEVICE_FAMILY = "1,2";
			};
			name = Debug;
		};
		9FBFD30A203A456100357DF3 /* Release */ = {
			isa = XCBuildConfiguration;
			buildSettings = {
				ASSETCATALOG_COMPILER_APPICON_NAME = AppIcon;
				CODE_SIGN_STYLE = Automatic;
				INFOPLIST_FILE = "CSH Social III/Info.plist";
				LD_RUNPATH_SEARCH_PATHS = "$(inherited) @executable_path/Frameworks";
				PRODUCT_BUNDLE_IDENTIFIER = "Computer-Science-House.CSH-Social-III";
				PRODUCT_NAME = "$(TARGET_NAME)";
				SWIFT_VERSION = 4.0;
				TARGETED_DEVICE_FAMILY = "1,2";
			};
			name = Release;
		};
		9FBFD30C203A456100357DF3 /* Debug */ = {
			isa = XCBuildConfiguration;
			buildSettings = {
				ALWAYS_EMBED_SWIFT_STANDARD_LIBRARIES = YES;
				BUNDLE_LOADER = "$(TEST_HOST)";
				CODE_SIGN_STYLE = Automatic;
				INFOPLIST_FILE = "CSH Social IIITests/Info.plist";
				LD_RUNPATH_SEARCH_PATHS = "$(inherited) @executable_path/Frameworks @loader_path/Frameworks";
				PRODUCT_BUNDLE_IDENTIFIER = "Computer-Science-House.CSH-Social-IIITests";
				PRODUCT_NAME = "$(TARGET_NAME)";
				SWIFT_VERSION = 4.0;
				TARGETED_DEVICE_FAMILY = "1,2";
				TEST_HOST = "$(BUILT_PRODUCTS_DIR)/CSH Social III.app/CSH Social III";
			};
			name = Debug;
		};
		9FBFD30D203A456100357DF3 /* Release */ = {
			isa = XCBuildConfiguration;
			buildSettings = {
				ALWAYS_EMBED_SWIFT_STANDARD_LIBRARIES = YES;
				BUNDLE_LOADER = "$(TEST_HOST)";
				CODE_SIGN_STYLE = Automatic;
				INFOPLIST_FILE = "CSH Social IIITests/Info.plist";
				LD_RUNPATH_SEARCH_PATHS = "$(inherited) @executable_path/Frameworks @loader_path/Frameworks";
				PRODUCT_BUNDLE_IDENTIFIER = "Computer-Science-House.CSH-Social-IIITests";
				PRODUCT_NAME = "$(TARGET_NAME)";
				SWIFT_VERSION = 4.0;
				TARGETED_DEVICE_FAMILY = "1,2";
				TEST_HOST = "$(BUILT_PRODUCTS_DIR)/CSH Social III.app/CSH Social III";
			};
			name = Release;
		};
		9FBFD30F203A456100357DF3 /* Debug */ = {
			isa = XCBuildConfiguration;
			buildSettings = {
				ALWAYS_EMBED_SWIFT_STANDARD_LIBRARIES = YES;
				CODE_SIGN_STYLE = Automatic;
				INFOPLIST_FILE = "CSH Social IIIUITests/Info.plist";
				LD_RUNPATH_SEARCH_PATHS = "$(inherited) @executable_path/Frameworks @loader_path/Frameworks";
				PRODUCT_BUNDLE_IDENTIFIER = "Computer-Science-House.CSH-Social-IIIUITests";
				PRODUCT_NAME = "$(TARGET_NAME)";
				SWIFT_VERSION = 4.0;
				TARGETED_DEVICE_FAMILY = "1,2";
				TEST_TARGET_NAME = "CSH Social III";
			};
			name = Debug;
		};
		9FBFD310203A456100357DF3 /* Release */ = {
			isa = XCBuildConfiguration;
			buildSettings = {
				ALWAYS_EMBED_SWIFT_STANDARD_LIBRARIES = YES;
				CODE_SIGN_STYLE = Automatic;
				INFOPLIST_FILE = "CSH Social IIIUITests/Info.plist";
				LD_RUNPATH_SEARCH_PATHS = "$(inherited) @executable_path/Frameworks @loader_path/Frameworks";
				PRODUCT_BUNDLE_IDENTIFIER = "Computer-Science-House.CSH-Social-IIIUITests";
				PRODUCT_NAME = "$(TARGET_NAME)";
				SWIFT_VERSION = 4.0;
				TARGETED_DEVICE_FAMILY = "1,2";
				TEST_TARGET_NAME = "CSH Social III";
			};
			name = Release;
		};
/* End XCBuildConfiguration section */

/* Begin XCConfigurationList section */
		9FBFD2D9203A456000357DF3 /* Build configuration list for PBXProject "CSH Social III" */ = {
			isa = XCConfigurationList;
			buildConfigurations = (
				9FBFD306203A456100357DF3 /* Debug */,
				9FBFD307203A456100357DF3 /* Release */,
			);
			defaultConfigurationIsVisible = 0;
			defaultConfigurationName = Release;
		};
		9FBFD308203A456100357DF3 /* Build configuration list for PBXNativeTarget "CSH Social III" */ = {
			isa = XCConfigurationList;
			buildConfigurations = (
				9FBFD309203A456100357DF3 /* Debug */,
				9FBFD30A203A456100357DF3 /* Release */,
			);
			defaultConfigurationIsVisible = 0;
			defaultConfigurationName = Release;
		};
		9FBFD30B203A456100357DF3 /* Build configuration list for PBXNativeTarget "CSH Social IIITests" */ = {
			isa = XCConfigurationList;
			buildConfigurations = (
				9FBFD30C203A456100357DF3 /* Debug */,
				9FBFD30D203A456100357DF3 /* Release */,
			);
			defaultConfigurationIsVisible = 0;
			defaultConfigurationName = Release;
		};
		9FBFD30E203A456100357DF3 /* Build configuration list for PBXNativeTarget "CSH Social IIIUITests" */ = {
			isa = XCConfigurationList;
			buildConfigurations = (
				9FBFD30F203A456100357DF3 /* Debug */,
				9FBFD310203A456100357DF3 /* Release */,
			);
			defaultConfigurationIsVisible = 0;
			defaultConfigurationName = Release;
		};
/* End XCConfigurationList section */
	};
	rootObject = 9FBFD2D6203A456000357DF3 /* Project object */;
}
